
Microsoft Visual Studio Solution File, Format Version 12.00
# Visual Studio Version 16
VisualStudioVersion = 16.0.29215.179
MinimumVisualStudioVersion = 10.0.40219.1
Project("{FAE04EC0-301F-11D3-BF4B-00C04F79EFBC}") = "Chatt", "Chatt.csproj", "{ED2C37CB-92CC-47FE-A35D-E6AF42DBCB43}"
EndProject
Global
	GlobalSection(SolutionConfigurationPlatforms) = preSolution
		Debug|Any CPU = Debug|Any CPU
		Release|Any CPU = Release|Any CPU
	EndGlobalSection
	GlobalSection(ProjectConfigurationPlatforms) = postSolution
		{ED2C37CB-92CC-47FE-A35D-E6AF42DBCB43}.Debug|Any CPU.ActiveCfg = Debug|Any CPU
		{ED2C37CB-92CC-47FE-A35D-E6AF42DBCB43}.Debug|Any CPU.Build.0 = Debug|Any CPU
		{ED2C37CB-92CC-47FE-A35D-E6AF42DBCB43}.Release|Any CPU.ActiveCfg = Release|Any CPU
		{ED2C37CB-92CC-47FE-A35D-E6AF42DBCB43}.Release|Any CPU.Build.0 = Release|Any CPU
	EndGlobalSection
	GlobalSection(SolutionProperties) = preSolution
		HideSolutionNode = FALSE
	EndGlobalSection
	GlobalSection(ExtensibilityGlobals) = postSolution
		SolutionGuid = {1367004B-CAE8-4834-9EA2-590B19BCCB5D}
	EndGlobalSection
EndGlobal
